
Microsoft Visual Studio Solution File, Format Version 12.00
Project("{FAE04EC0-301F-11D3-BF4B-00C04F79EFBC}") = "PhotoMosaic", "PhotoMosaic\PhotoMosaic.csproj", "{1837C0F9-EE8B-4EF0-95C1-E0989A2A85B2}"
EndProject
Project("{FAE04EC0-301F-11D3-BF4B-00C04F79EFBC}") = "PhotoMosaic.Tests", "PhotoMosaic.Tests\PhotoMosaic.Tests.csproj", "{18D628D0-80CF-4FDD-A207-0D1FB22DBC35}"
EndProject
Project("{FAE04EC0-301F-11D3-BF4B-00C04F79EFBC}") = "Showcase", "Showcase\Showcase.csproj", "{9AA26A98-686C-4075-B391-335C4AE6B77E}"
EndProject
Global
	GlobalSection(SolutionConfigurationPlatforms) = preSolution
		Debug|Any CPU = Debug|Any CPU
		Release|Any CPU = Release|Any CPU
	EndGlobalSection
	GlobalSection(ProjectConfigurationPlatforms) = postSolution
		{1837C0F9-EE8B-4EF0-95C1-E0989A2A85B2}.Debug|Any CPU.ActiveCfg = Debug|Any CPU
		{1837C0F9-EE8B-4EF0-95C1-E0989A2A85B2}.Debug|Any CPU.Build.0 = Debug|Any CPU
		{1837C0F9-EE8B-4EF0-95C1-E0989A2A85B2}.Release|Any CPU.ActiveCfg = Release|Any CPU
		{1837C0F9-EE8B-4EF0-95C1-E0989A2A85B2}.Release|Any CPU.Build.0 = Release|Any CPU
		{18D628D0-80CF-4FDD-A207-0D1FB22DBC35}.Debug|Any CPU.ActiveCfg = Debug|Any CPU
		{18D628D0-80CF-4FDD-A207-0D1FB22DBC35}.Debug|Any CPU.Build.0 = Debug|Any CPU
		{18D628D0-80CF-4FDD-A207-0D1FB22DBC35}.Release|Any CPU.ActiveCfg = Release|Any CPU
		{18D628D0-80CF-4FDD-A207-0D1FB22DBC35}.Release|Any CPU.Build.0 = Release|Any CPU
		{9AA26A98-686C-4075-B391-335C4AE6B77E}.Debug|Any CPU.ActiveCfg = Debug|Any CPU
		{9AA26A98-686C-4075-B391-335C4AE6B77E}.Debug|Any CPU.Build.0 = Debug|Any CPU
		{9AA26A98-686C-4075-B391-335C4AE6B77E}.Release|Any CPU.ActiveCfg = Release|Any CPU
		{9AA26A98-686C-4075-B391-335C4AE6B77E}.Release|Any CPU.Build.0 = Release|Any CPU
	EndGlobalSection
EndGlobal
